
Microsoft Visual Studio Solution File, Format Version 12.00
# Visual Studio 14
VisualStudioVersion = 14.0.23107.0
MinimumVisualStudioVersion = 10.0.40219.1
Project("{FAE04EC0-301F-11D3-BF4B-00C04F79EFBC}") = "MainApp", "MainApp\MainApp.csproj", "{58E61F08-F6FB-4124-A77B-C93EB1842443}"
EndProject
Project("{FAE04EC0-301F-11D3-BF4B-00C04F79EFBC}") = "PrimeNumberGeneratorTests", "PrimeNumberGeneratorTests\PrimeNumberGeneratorTests.csproj", "{719D82B5-5FD9-44C8-8FF1-458A4AECE608}"
EndProject
Project("{FAE04EC0-301F-11D3-BF4B-00C04F79EFBC}") = "PrimeNumberGeneratorLib", "PrimeNumberGeneratorLib\PrimeNumberGeneratorLib.csproj", "{7D1C5814-0F84-41AB-818E-293DED304F21}"
EndProject
Global
	GlobalSection(SolutionConfigurationPlatforms) = preSolution
		Debug|Any CPU = Debug|Any CPU
		Release|Any CPU = Release|Any CPU
	EndGlobalSection
	GlobalSection(ProjectConfigurationPlatforms) = postSolution
		{58E61F08-F6FB-4124-A77B-C93EB1842443}.Debug|Any CPU.ActiveCfg = Debug|Any CPU
		{58E61F08-F6FB-4124-A77B-C93EB1842443}.Debug|Any CPU.Build.0 = Debug|Any CPU
		{58E61F08-F6FB-4124-A77B-C93EB1842443}.Release|Any CPU.ActiveCfg = Release|Any CPU
		{58E61F08-F6FB-4124-A77B-C93EB1842443}.Release|Any CPU.Build.0 = Release|Any CPU
		{719D82B5-5FD9-44C8-8FF1-458A4AECE608}.Debug|Any CPU.ActiveCfg = Debug|Any CPU
		{719D82B5-5FD9-44C8-8FF1-458A4AECE608}.Debug|Any CPU.Build.0 = Debug|Any CPU
		{719D82B5-5FD9-44C8-8FF1-458A4AECE608}.Release|Any CPU.ActiveCfg = Release|Any CPU
		{719D82B5-5FD9-44C8-8FF1-458A4AECE608}.Release|Any CPU.Build.0 = Release|Any CPU
		{7D1C5814-0F84-41AB-818E-293DED304F21}.Debug|Any CPU.ActiveCfg = Debug|Any CPU
		{7D1C5814-0F84-41AB-818E-293DED304F21}.Debug|Any CPU.Build.0 = Debug|Any CPU
		{7D1C5814-0F84-41AB-818E-293DED304F21}.Release|Any CPU.ActiveCfg = Release|Any CPU
		{7D1C5814-0F84-41AB-818E-293DED304F21}.Release|Any CPU.Build.0 = Release|Any CPU
	EndGlobalSection
	GlobalSection(SolutionProperties) = preSolution
		HideSolutionNode = FALSE
	EndGlobalSection
EndGlobal
